
Microsoft Visual Studio Solution File, Format Version 12.00
# Visual Studio Version 17
VisualStudioVersion = 17.10.34928.147
MinimumVisualStudioVersion = 10.0.40219.1
Project("{FAE04EC0-301F-11D3-BF4B-00C04F79EFBC}") = "BookStore", "BookStore.csproj", "{98B85385-3C34-4DBE-942C-4ECC04C5F6BE}"
EndProject
Global
	GlobalSection(SolutionConfigurationPlatforms) = preSolution
		Debug|Any CPU = Debug|Any CPU
		Release|Any CPU = Release|Any CPU
	EndGlobalSection
	GlobalSection(ProjectConfigurationPlatforms) = postSolution
		{98B85385-3C34-4DBE-942C-4ECC04C5F6BE}.Debug|Any CPU.ActiveCfg = Debug|Any CPU
		{98B85385-3C34-4DBE-942C-4ECC04C5F6BE}.Debug|Any CPU.Build.0 = Debug|Any CPU
		{98B85385-3C34-4DBE-942C-4ECC04C5F6BE}.Release|Any CPU.ActiveCfg = Release|Any CPU
		{98B85385-3C34-4DBE-942C-4ECC04C5F6BE}.Release|Any CPU.Build.0 = Release|Any CPU
	EndGlobalSection
	GlobalSection(SolutionProperties) = preSolution
		HideSolutionNode = FALSE
	EndGlobalSection
	GlobalSection(ExtensibilityGlobals) = postSolution
		SolutionGuid = {1D55472D-3651-4B64-9335-090143294304}
	EndGlobalSection
EndGlobal
